<Solution>
  <Folder Name="/src/" />
  <Folder Name="/src/BuildingBlocks/">
    <Project Path="src/BuildingBlocks/FlexFit.Caching/FlexFit.Caching.csproj" />
    <Project Path="src/BuildingBlocks/FlexFit.Contracts/FlexFit.Contracts.csproj" />
    <Project Path="src/BuildingBlocks/FlexFit.RedisEventBus/FlexFit.RedisEventBus.csproj" />
  </Folder>
  <Folder Name="/src/Gateway/">
    <Project Path="src/Gateway/FlexFit.ApiGateway/FlexFit.ApiGateway.csproj" />
  </Folder>
  <Folder Name="/src/Services/" />
  <Folder Name="/src/Services/Booking/">
    <Project Path="src/Services/Booking/FlexFit.Booking.API/FlexFit.Booking.API.csproj" />
    <Project Path="src/Services/Booking/FlexFit.Booking.Repository/FlexFit.Booking.Repository.csproj" />
    <Project Path="src/Services/Booking/FlexFit.Booking.Service/FlexFit.Booking.Service.csproj" />
  </Folder>
  <Folder Name="/src/Services/Catalog/">
    <Project Path="src/Services/Catalog/FlexFit.Catalog.API/FlexFit.Catalog.API.csproj" />
    <Project Path="src/Services/Catalog/FlexFit.Catalog.Repository/FlexFit.Catalog.Repository.csproj" />
    <Project Path="src/Services/Catalog/FlexFit.Catalog.Service/FlexFit.Catalog.Service.csproj" />
  </Folder>
  <Folder Name="/src/Services/Engagement/">
    <Project Path="src/Services/Engagement/FlexFit.Engagement.API/FlexFit.Engagement.API.csproj" />
    <Project Path="src/Services/Engagement/FlexFit.Engagement.Repository/FlexFit.Engagement.Repository.csproj" />
    <Project Path="src/Services/Engagement/FlexFit.Engagement.Service/FlexFit.Engagement.Service.csproj" />
  </Folder>
  <Folder Name="/src/Services/Identity/">
    <Project Path="src/Services/Identity/FlexFit.Identity.API/FlexFit.Identity.API.csproj" />
    <Project Path="src/Services/Identity/FlexFit.Identity.Repository/FlexFit.Identity.Repository.csproj" />
    <Project Path="src/Services/Identity/FlexFit.Identity.Service/FlexFit.Identity.Service.csproj" />
  </Folder>
  <Folder Name="/src/Services/Payment/">
    <Project Path="src/Services/Payment/FlexFit.Payment.API/FlexFit.Payment.API.csproj" />
    <Project Path="src/Services/Payment/FlexFit.Payment.Repository/FlexFit.Payment.Repository.csproj" />
    <Project Path="src/Services/Payment/FlexFit.Payment.Service/FlexFit.Payment.Service.csproj" />
  </Folder>
  <Folder Name="/src/Services/Recommendation/">
    <Project Path="src/Services/Recommendation/FlexFit.Recommendation.Grpc/FlexFit.Recommendation.Grpc.csproj" />
  </Folder>
  <Folder Name="/tests/">
    <Project Path="tests/FlexFit.ApiGateway.Tests/FlexFit.ApiGateway.Tests.csproj" />
    <Project Path="tests/FlexFit.BuildingBlocks.Tests/FlexFit.BuildingBlocks.Tests.csproj" />
    <Project Path="tests/FlexFit.Payment.UnitTests/FlexFit.Payment.UnitTests.csproj" />
  </Folder>
</Solution>
