<Solution>
  <Folder Name="/src/" />
  <Folder Name="/src/Services/" />
  <Folder Name="/src/Services/Payment/">
    <Project Path="src/Services/Payment/FlexFit.Payment.API/FlexFit.Payment.API.csproj" />
    <Project Path="src/Services/Payment/FlexFit.Payment.Repository/FlexFit.Payment.Repository.csproj" />
    <Project Path="src/Services/Payment/FlexFit.Payment.Service/FlexFit.Payment.Service.csproj" />
  </Folder>
  <Folder Name="/tests/">
    <Project Path="tests/FlexFit.Payment.UnitTests/FlexFit.Payment.UnitTests.csproj" />
  </Folder>
  <Project Path="Flexfit.csproj" />
</Solution>
